<?xml version="1.0" encoding="utf-8"?>
<Project ToolsVersion="4.0" xmlns="http://schemas.microsoft.com/developer/msbuild/2003">
  <ItemGroup>
    <Filter Include="Source Files">
      <UniqueIdentifier>{4FC737F1-C7A5-4376-A066-2A32D752A2FF}</UniqueIdentifier>
      <Extensions>cpp;c;cc;cxx;c++;cppm;ixx;def;odl;idl;hpj;bat;asm;asmx</Extensions>
    </Filter>
    <Filter Include="Header Files">
      <UniqueIdentifier>{93995380-89BD-4b04-88EB-625FBE52EBFB}</UniqueIdentifier>
      <Extensions>h;hh;hpp;hxx;h++;hm;inl;inc;ipp;xsd</Extensions>
    </Filter>
    <Filter Include="Resource Files">
      <UniqueIdentifier>{67DA6AB6-F800-4c08-8B7A-83BB121AAD01}</UniqueIdentifier>
      <Extensions>rc;ico;cur;bmp;dlg;rc2;rct;bin;rgs;gif;jpg;jpeg;jpe;resx;tiff;tif;png;wav;mfcribbon-ms</Extensions>
    </Filter>
  </ItemGroup>
  <ItemGroup>
    <ClInclude Include="src\CryptoAPI\Coin\TradingPair.hpp">
      <Filter>Header Files</Filter>
    </ClInclude>
    <ClInclude Include="src\CryptoAPI\Coinbase\CoinbaseEx.hpp">
      <Filter>Header Files</Filter>
    </ClInclude>
    <ClInclude Include="src\CryptoAPI\Coinbase\Order.hpp">
      <Filter>Header Files</Filter>
    </ClInclude>
    <ClInclude Include="src\CryptoAPI\Coinbase\TradingAccount.hpp">
      <Filter>Header Files</Filter>
    </ClInclude>
    <ClInclude Include="src\CryptoAPI\MarketData\ask.hpp">
      <Filter>Header Files</Filter>
    </ClInclude>
    <ClInclude Include="src\CryptoAPI\MarketData\bid.hpp">
      <Filter>Header Files</Filter>
    </ClInclude>
    <ClInclude Include="src\CryptoAPI\MarketData\book.hpp">
      <Filter>Header Files</Filter>
    </ClInclude>
    <ClInclude Include="src\CryptoAPI\MarketData\product.hpp">
      <Filter>Header Files</Filter>
    </ClInclude>
    <ClInclude Include="src\CryptoAPI\MarketData\products.hpp">
      <Filter>Header Files</Filter>
    </ClInclude>
    <ClInclude Include="src\CryptoAPI\MarketData\stats.hpp">
      <Filter>Header Files</Filter>
    </ClInclude>
    <ClInclude Include="src\CryptoAPI\MarketData\ticker.hpp">
      <Filter>Header Files</Filter>
    </ClInclude>
    <ClInclude Include="src\CryptoAPI\MarketData\trade.hpp">
      <Filter>Header Files</Filter>
    </ClInclude>
    <ClInclude Include="src\CryptoAPI\Coinbase\Auth.hpp">
      <Filter>Header Files</Filter>
    </ClInclude>
    <ClInclude Include="src\CryptoAPI\Base64.hpp">
      <Filter>Header Files</Filter>
    </ClInclude>
    <ClInclude Include="src\CryptoAPI\Coinbase\HttpClient.hpp">
      <Filter>Header Files</Filter>
    </ClInclude>
    <ClInclude Include="src\CryptoAPI\PostgreSQL.hpp">
      <Filter>Header Files</Filter>
    </ClInclude>
    <ClInclude Include="src\CryptoAPI\root_certificates.hpp">
      <Filter>Header Files</Filter>
    </ClInclude>
    <ClInclude Include="src\cu\common.hpp">
      <Filter>Header Files</Filter>
    </ClInclude>
    <ClInclude Include="src\CryptoAPI\UI.hpp">
      <Filter>Header Files</Filter>
    </ClInclude>
    <ClInclude Include="src\CryptoAPI\WebSocket.hpp">
      <Filter>Header Files</Filter>
    </ClInclude>
    <ClInclude Include="src\Core.hpp">
      <Filter>Header Files</Filter>
    </ClInclude>
    <ClInclude Include="src\FileUtils.hpp">
      <Filter>Header Files</Filter>
    </ClInclude>
    <ClInclude Include="src\stdafx.hpp">
      <Filter>Header Files</Filter>
    </ClInclude>
    <ClInclude Include="src\StringUtils.hpp">
      <Filter>Header Files</Filter>
    </ClInclude>
    <ClInclude Include="src\VectorUtils.hpp">
      <Filter>Header Files</Filter>
    </ClInclude>
    <ClInclude Include="include\tao\pq\internal\connection.hpp">
      <Filter>Header Files</Filter>
    </ClInclude>
    <ClInclude Include="include\tao\pq\internal\demangle.hpp">
      <Filter>Header Files</Filter>
    </ClInclude>
    <ClInclude Include="include\tao\pq\internal\dependent_false.hpp">
      <Filter>Header Files</Filter>
    </ClInclude>
    <ClInclude Include="include\tao\pq\internal\endian.hpp">
      <Filter>Header Files</Filter>
    </ClInclude>
    <ClInclude Include="include\tao\pq\internal\endian_gcc.hpp">
      <Filter>Header Files</Filter>
    </ClInclude>
    <ClInclude Include="include\tao\pq\internal\endian_win.hpp">
      <Filter>Header Files</Filter>
    </ClInclude>
    <ClInclude Include="include\tao\pq\internal\exclusive_scan.hpp">
      <Filter>Header Files</Filter>
    </ClInclude>
    <ClInclude Include="include\tao\pq\internal\gen.hpp">
      <Filter>Header Files</Filter>
    </ClInclude>
    <ClInclude Include="include\tao\pq\internal\is_bytea_parameter.hpp">
      <Filter>Header Files</Filter>
    </ClInclude>
    <ClInclude Include="include\tao\pq\internal\parameter_binary_traits.hpp">
      <Filter>Header Files</Filter>
    </ClInclude>
    <ClInclude Include="include\tao\pq\internal\parameter_text_traits.hpp">
      <Filter>Header Files</Filter>
    </ClInclude>
    <ClInclude Include="include\tao\pq\internal\parameter_traits.hpp">
      <Filter>Header Files</Filter>
    </ClInclude>
    <ClInclude Include="include\tao\pq\internal\parameter_traits_helper.hpp">
      <Filter>Header Files</Filter>
    </ClInclude>
    <ClInclude Include="include\tao\pq\internal\pool.hpp">
      <Filter>Header Files</Filter>
    </ClInclude>
    <ClInclude Include="include\tao\pq\internal\printf.hpp">
      <Filter>Header Files</Filter>
    </ClInclude>
    <ClInclude Include="include\tao\pq\internal\strtox.hpp">
      <Filter>Header Files</Filter>
    </ClInclude>
    <ClInclude Include="include\tao\pq\internal\transaction.hpp">
      <Filter>Header Files</Filter>
    </ClInclude>
    <ClInclude Include="include\tao\pq\internal\unreachable.hpp">
      <Filter>Header Files</Filter>
    </ClInclude>
    <ClInclude Include="include\tao\pq\connection.hpp">
      <Filter>Header Files</Filter>
    </ClInclude>
    <ClInclude Include="include\tao\pq\connection_pool.hpp">
      <Filter>Header Files</Filter>
    </ClInclude>
    <ClInclude Include="include\tao\pq\field.hpp">
      <Filter>Header Files</Filter>
    </ClInclude>
    <ClInclude Include="include\tao\pq\isolation_level.hpp">
      <Filter>Header Files</Filter>
    </ClInclude>
    <ClInclude Include="include\tao\pq\null.hpp">
      <Filter>Header Files</Filter>
    </ClInclude>
    <ClInclude Include="include\tao\pq\parameter_traits.hpp">
      <Filter>Header Files</Filter>
    </ClInclude>
    <ClInclude Include="include\tao\pq\result.hpp">
      <Filter>Header Files</Filter>
    </ClInclude>
    <ClInclude Include="include\tao\pq\result_traits.hpp">
      <Filter>Header Files</Filter>
    </ClInclude>
    <ClInclude Include="include\tao\pq\result_traits_optional.hpp">
      <Filter>Header Files</Filter>
    </ClInclude>
    <ClInclude Include="include\tao\pq\result_traits_pair.hpp">
      <Filter>Header Files</Filter>
    </ClInclude>
    <ClInclude Include="include\tao\pq\result_traits_tuple.hpp">
      <Filter>Header Files</Filter>
    </ClInclude>
    <ClInclude Include="include\tao\pq\row.hpp">
      <Filter>Header Files</Filter>
    </ClInclude>
    <ClInclude Include="include\tao\pq\span.hpp">
      <Filter>Header Files</Filter>
    </ClInclude>
    <ClInclude Include="include\tao\pq\table_writer.hpp">
      <Filter>Header Files</Filter>
    </ClInclude>
    <ClInclude Include="include\tao\pq\transaction.hpp">
      <Filter>Header Files</Filter>
    </ClInclude>
    <ClInclude Include="include\tao\pq.hpp">
      <Filter>Header Files</Filter>
    </ClInclude>
    <ClInclude Include="src\CryptoAPI\CandleStickChart.hpp">
      <Filter>Header Files</Filter>
    </ClInclude>
  </ItemGroup>
  <ItemGroup>
    <ClCompile Include="src\tao\pq\internal\connection.cpp">
      <Filter>Source Files</Filter>
    </ClCompile>
    <ClCompile Include="src\tao\pq\internal\demangle.cpp">
      <Filter>Source Files</Filter>
    </ClCompile>
    <ClCompile Include="src\tao\pq\internal\printf.cpp">
      <Filter>Source Files</Filter>
    </ClCompile>
    <ClCompile Include="src\tao\pq\internal\strtox.cpp">
      <Filter>Source Files</Filter>
    </ClCompile>
    <ClCompile Include="src\tao\pq\internal\transaction.cpp">
      <Filter>Source Files</Filter>
    </ClCompile>
    <ClCompile Include="src\tao\pq\field.cpp">
      <Filter>Source Files</Filter>
    </ClCompile>
    <ClCompile Include="src\tao\pq\result.cpp">
      <Filter>Source Files</Filter>
    </ClCompile>
    <ClCompile Include="src\tao\pq\result_traits.cpp">
      <Filter>Source Files</Filter>
    </ClCompile>
    <ClCompile Include="src\tao\pq\row.cpp">
      <Filter>Source Files</Filter>
    </ClCompile>
    <ClCompile Include="src\tao\pq\table_writer.cpp">
      <Filter>Source Files</Filter>
    </ClCompile>
    <ClCompile Include="src\main.cpp">
      <Filter>Source Files</Filter>
    </ClCompile>
    <ClCompile Include="src\stdafx.cpp">
      <Filter>Source Files</Filter>
    </ClCompile>
    <ClCompile Include="src\CryptoAPI\Bot\RulesEngine.hpp">
      <Filter>Source Files</Filter>
    </ClCompile>
  </ItemGroup>
</Project>